
Microsoft Visual Studio Solution File, Format Version 12.00
# Visual Studio Version 17
VisualStudioVersion = 17.14.36301.6 d17.14
MinimumVisualStudioVersion = 10.0.40219.1
Project("{FAE04EC0-301F-11D3-BF4B-00C04F79EFBC}") = "HamoodMessangerV0.1", "HamoodMessangerV0.1\HamoodMessangerV0.1.csproj", "{B467F044-EFF0-4157-A1D7-1B4C299BF671}"
EndProject
Global
	GlobalSection(SolutionConfigurationPlatforms) = preSolution
		Debug|Any CPU = Debug|Any CPU
		Release|Any CPU = Release|Any CPU
	EndGlobalSection
	GlobalSection(ProjectConfigurationPlatforms) = postSolution
		{B467F044-EFF0-4157-A1D7-1B4C299BF671}.Debug|Any CPU.ActiveCfg = Debug|Any CPU
		{B467F044-EFF0-4157-A1D7-1B4C299BF671}.Debug|Any CPU.Build.0 = Debug|Any CPU
		{B467F044-EFF0-4157-A1D7-1B4C299BF671}.Release|Any CPU.ActiveCfg = Release|Any CPU
		{B467F044-EFF0-4157-A1D7-1B4C299BF671}.Release|Any CPU.Build.0 = Release|Any CPU
	EndGlobalSection
	GlobalSection(SolutionProperties) = preSolution
		HideSolutionNode = FALSE
	EndGlobalSection
	GlobalSection(ExtensibilityGlobals) = postSolution
		SolutionGuid = {7E6ADB19-B48C-4C3A-A2AA-87491E65AC81}
	EndGlobalSection
EndGlobal
